
Microsoft Visual Studio Solution File, Format Version 12.00
# Visual Studio Version 17
VisualStudioVersion = 17.12.35527.113 d17.12
MinimumVisualStudioVersion = 10.0.40219.1
Project("{FAE04EC0-301F-11D3-BF4B-00C04F79EFBC}") = "SmartRouteAPI_Service", "SmartRouteAPI_Service.csproj", "{7A32B58F-11B7-4251-B9BE-69CAB36B55AE}"
EndProject
Global
	GlobalSection(SolutionConfigurationPlatforms) = preSolution
		Debug|Any CPU = Debug|Any CPU
		Release|Any CPU = Release|Any CPU
	EndGlobalSection
	GlobalSection(ProjectConfigurationPlatforms) = postSolution
		{7A32B58F-11B7-4251-B9BE-69CAB36B55AE}.Debug|Any CPU.ActiveCfg = Debug|Any CPU
		{7A32B58F-11B7-4251-B9BE-69CAB36B55AE}.Debug|Any CPU.Build.0 = Debug|Any CPU
		{7A32B58F-11B7-4251-B9BE-69CAB36B55AE}.Release|Any CPU.ActiveCfg = Release|Any CPU
		{7A32B58F-11B7-4251-B9BE-69CAB36B55AE}.Release|Any CPU.Build.0 = Release|Any CPU
	EndGlobalSection
	GlobalSection(SolutionProperties) = preSolution
		HideSolutionNode = FALSE
	EndGlobalSection
EndGlobal
